{
  "nodes": {
    "argocd-helm-src": {
      "flake": false,
      "locked": {
        "lastModified": 1768426756,
        "narHash": "sha256-nRHaFZ0dZSEMwlsNtJ1azEmrrdpIvPRJ2lXp9cqf56U=",
        "owner": "argoproj",
        "repo": "argo-helm",
        "rev": "9bf494533692653b3abe91b9762ae9c2d1fa2f03",
        "type": "github"
      },
      "original": {
        "owner": "argoproj",
        "ref": "argo-cd-9.3.4",
        "repo": "argo-helm",
        "type": "github"
      }
    },
    "argocd-src": {
      "flake": false,
      "locked": {
        "lastModified": 1768407041,
        "narHash": "sha256-oSIn+EQUSwi2FCzvPgnidZSJ+QwdMQlS2ZuHm6KryJ0=",
        "owner": "argoproj",
        "repo": "argo-cd",
        "rev": "c56f4400f22c7e9fe9c5c12b85576b74369fb6b8",
        "type": "github"
      },
      "original": {
        "owner": "argoproj",
        "ref": "v3.2.5",
        "repo": "argo-cd",
        "type": "github"
      }
    },
    "blueprint": {
      "inputs": {
        "nixpkgs": [
          "llm-agents",
          "nixpkgs"
        ],
        "systems": [
          "llm-agents",
          "systems"
        ]
      },
      "locked": {
        "lastModified": 1776249299,
        "narHash": "sha256-Dt9t1TGRmJFc0xVYhttNBD6QsAgHOHCArqGa0AyjrJY=",
        "owner": "numtide",
        "repo": "blueprint",
        "rev": "56131e8628f173d24a27f6d27c0215eff57e40dd",
        "type": "github"
      },
      "original": {
        "owner": "numtide",
        "repo": "blueprint",
        "type": "github"
      }
    },
    "buildbot-nix": {
      "inputs": {
        "nixpkgs": [
          "nixpkgs"
        ],
        "treefmt-nix": [
          "treefmt-nix"
        ]
      },
      "locked": {
        "lastModified": 1779602647,
        "narHash": "sha256-qSBqi7Puajf3IVfVX0oXVaNUed7mk11n2WedtqS3Q30=",
        "owner": "nix-community",
        "repo": "buildbot-nix",
        "rev": "8644b7988debf93de7d46024e9173e0d9e155ce4",
        "type": "github"
      },
      "original": {
        "owner": "nix-community",
        "repo": "buildbot-nix",
        "type": "github"
      }
    },
    "bun2nix": {
      "inputs": {
        "flake-parts": [
          "flake-parts"
        ],
        "nixpkgs": [
          "nixpkgs"
        ],
        "systems": [
          "systems"
        ],
        "treefmt-nix": [
          "treefmt-nix"
        ]
      },
      "locked": {
        "lastModified": 1778446047,
        "narHash": "sha256-oQvcadh2BCkrog+SGrG6YffKJrveYpjj3TdQJWaKhaM=",
        "owner": "nix-community",
        "repo": "bun2nix",
        "rev": "f2bc12af1a6369648aac41041ceeaa0b866599c6",
        "type": "github"
      },
      "original": {
        "owner": "nix-community",
        "repo": "bun2nix",
        "type": "github"
      }
    },
    "bun2nix_2": {
      "inputs": {
        "flake-parts": [
          "llm-agents",
          "flake-parts"
        ],
        "nixpkgs": [
          "llm-agents",
          "nixpkgs"
        ],
        "systems": [
          "llm-agents",
          "systems"
        ],
        "treefmt-nix": [
          "llm-agents",
          "treefmt-nix"
        ]
      },
      "locked": {
        "lastModified": 1778446047,
        "narHash": "sha256-oQvcadh2BCkrog+SGrG6YffKJrveYpjj3TdQJWaKhaM=",
        "owner": "nix-community",
        "repo": "bun2nix",
        "rev": "f2bc12af1a6369648aac41041ceeaa0b866599c6",
        "type": "github"
      },
      "original": {
        "owner": "nix-community",
        "repo": "bun2nix",
        "type": "github"
      }
    },
    "catppuccin": {
      "inputs": {
        "nixpkgs": "nixpkgs"
      },
      "locked": {
        "lastModified": 1779910193,
        "narHash": "sha256-CQD/mtBC1VYQgTpKR6LhD+gPJ9S3neN6rBo/RYFWDgM=",
        "owner": "catppuccin",
        "repo": "nix",
        "rev": "c61cab9677ff7184891930a60bf8224aa81c3a31",
        "type": "github"
      },
      "original": {
        "owner": "catppuccin",
        "repo": "nix",
        "type": "github"
      }
    },
    "cilium-src": {
      "flake": false,
      "locked": {
        "lastModified": 1768242514,
        "narHash": "sha256-V4CbizefPn8VnZnnSxgQP2eq72wNVD0niuEmAlr28Xs=",
        "owner": "cilium",
        "repo": "cilium",
        "rev": "95896696119f33a0f5d21019182192fcdab3600f",
        "type": "github"
      },
      "original": {
        "owner": "cilium",
        "ref": "v1.18.6",
        "repo": "cilium",
        "type": "github"
      }
    },
    "cl-nix-lite": {
      "inputs": {
        "flake-parts": "flake-parts_3",
        "nixpkgs": "nixpkgs_4",
        "systems": "systems_3",
        "treefmt-nix": "treefmt-nix_2"
      },
      "locked": {
        "lastModified": 1766810506,
        "narHash": "sha256-I4BxozsEu205tA7jazufztI8ZQ5p7hcCnjqrSKPz9nI=",
        "owner": "hraban",
        "repo": "cl-nix-lite",
        "rev": "038e341cede255a83a8f04af114dc95717461d32",
        "type": "github"
      },
      "original": {
        "owner": "hraban",
        "repo": "cl-nix-lite",
        "type": "github"
      }
    },
    "clan-core": {
      "inputs": {
        "data-mesher": "data-mesher",
        "disko": [
          "disko"
        ],
        "flake-parts": [
          "flake-parts"
        ],
        "nix-darwin": [
          "nix-darwin"
        ],
        "nix-select": "nix-select",
        "nixpkgs": "nixpkgs_2",
        "sops-nix": [
          "sops-nix"
        ],
        "systems": [
          "systems"
        ],
        "treefmt-nix": [
          "treefmt-nix"
        ]
      },
      "locked": {
        "lastModified": 1780075495,
        "narHash": "sha256-ZmofjHZ3ap7KwchjHjKyJLX2OISi/JK2pWBJUhkdodU=",
        "rev": "004bb87d04a9ba709aab8f26217ca9ba4192e174",
        "type": "tarball",
        "url": "https://git.clan.lol/api/v1/repos/clan/clan-core/archive/004bb87d04a9ba709aab8f26217ca9ba4192e174.tar.gz"
      },
      "original": {
        "type": "tarball",
        "url": "https://git.clan.lol/clan/clan-core/archive/main.tar.gz"
      }
    },
    "data-mesher": {
      "inputs": {
        "flake-parts": [
          "clan-core",
          "flake-parts"
        ],
        "nixpkgs": [
          "clan-core",
          "nixpkgs"
        ],
        "treefmt-nix": [
          "clan-core",
          "treefmt-nix"
        ]
      },
      "locked": {
        "lastModified": 1778718524,
        "narHash": "sha256-pXLoI6Ax0EnUK6r34UM1vibVC7CfTu6j72R2692ZzPs=",
        "rev": "12c552ad547d87254f33f33bddd1a2cdbeac754d",
        "type": "tarball",
        "url": "https://git.clan.lol/api/v1/repos/clan/data-mesher/archive/12c552ad547d87254f33f33bddd1a2cdbeac754d.tar.gz"
      },
      "original": {
        "type": "tarball",
        "url": "https://git.clan.lol/clan/data-mesher/archive/main.tar.gz"
      }
    },
    "direnv-instant": {
      "inputs": {
        "flake-parts": [
          "flake-parts"
        ],
        "nixpkgs": [
          "nixpkgs"
        ],
        "treefmt-nix": [
          "treefmt-nix"
        ]
      },
      "locked": {
        "lastModified": 1779953110,
        "narHash": "sha256-13ehyFLWhMfGbH5C9MpuKHCu/2W5rnoKxO7D1WBe5ZI=",
        "owner": "Mic92",
        "repo": "direnv-instant",
        "rev": "c838644baa0f945088f577fa462dbf8366ec8e1b",
        "type": "github"
      },
      "original": {
        "owner": "Mic92",
        "repo": "direnv-instant",
        "type": "github"
      }
    },
    "disko": {
      "inputs": {
        "nixpkgs": [
          "nixpkgs"
        ]
      },
      "locked": {
        "lastModified": 1780048612,
        "narHash": "sha256-Md/eOK5OjmvvHc2H52pLZe4zpP4XyfiS5vHqfRCz2HU=",
        "owner": "nix-community",
        "repo": "disko",
        "rev": "caa775cf67bfdc47f940edd96c975b5016df9059",
        "type": "github"
      },
      "original": {
        "owner": "nix-community",
        "repo": "disko",
        "type": "github"
      }
    },
    "easykubenix": {
      "flake": false,
      "locked": {
        "lastModified": 1776122774,
        "narHash": "sha256-uCandDSPAqAEWgtpJlyvDpLuIQ2pjdfuI8RgTJtGEJA=",
        "owner": "cameronraysmith",
        "repo": "easykubenix",
        "rev": "b577e31831946a634caa3897b1b48d369b38c2ca",
        "type": "github"
      },
      "original": {
        "owner": "cameronraysmith",
        "ref": "dev",
        "repo": "easykubenix",
        "type": "github"
      }
    },
    "flake-compat": {
      "flake": false,
      "locked": {
        "lastModified": 1730663653,
        "narHash": "sha256-kFCUWettiFHDIqxCWWQ9qY8pVh+Lj+XL0Giyy/kdomg=",
        "owner": "hraban",
        "repo": "flake-compat",
        "rev": "e5b16676185cb7548581c852f51ce7f3a49bba5e",
        "type": "github"
      },
      "original": {
        "owner": "hraban",
        "ref": "fixed-output",
        "repo": "flake-compat",
        "type": "github"
      }
    },
    "flake-parts": {
      "inputs": {
        "nixpkgs-lib": [
          "nixpkgs"
        ]
      },
      "locked": {
        "lastModified": 1778716662,
        "narHash": "sha256-m1Yf0wZ8j1OHjTc2UwHwyQRSnNeSgLJOd7q5Y45hzi4=",
        "owner": "hercules-ci",
        "repo": "flake-parts",
        "rev": "f7c1a2d347e4c52d5fb8d10cb4d94b5884e546fb",
        "type": "github"
      },
      "original": {
        "owner": "hercules-ci",
        "repo": "flake-parts",
        "type": "github"
      }
    },
    "flake-parts_2": {
      "inputs": {
        "nixpkgs-lib": [
          "llm-agents",
          "nixpkgs"
        ]
      },
      "locked": {
        "lastModified": 1778716662,
        "narHash": "sha256-m1Yf0wZ8j1OHjTc2UwHwyQRSnNeSgLJOd7q5Y45hzi4=",
        "owner": "hercules-ci",
        "repo": "flake-parts",
        "rev": "f7c1a2d347e4c52d5fb8d10cb4d94b5884e546fb",
        "type": "github"
      },
      "original": {
        "owner": "hercules-ci",
        "repo": "flake-parts",
        "type": "github"
      }
    },
    "flake-parts_3": {
      "inputs": {
        "nixpkgs-lib": "nixpkgs-lib"
      },
      "locked": {
        "lastModified": 1765835352,
        "narHash": "sha256-XswHlK/Qtjasvhd1nOa1e8MgZ8GS//jBoTqWtrS1Giw=",
        "owner": "hercules-ci",
        "repo": "flake-parts",
        "rev": "a34fae9c08a15ad73f295041fec82323541400a9",
        "type": "github"
      },
      "original": {
        "owner": "hercules-ci",
        "repo": "flake-parts",
        "type": "github"
      }
    },
    "flake-utils": {
      "inputs": {
        "systems": "systems"
      },
      "locked": {
        "lastModified": 1731533236,
        "narHash": "sha256-l0KFg5HjrsfsO/JpG+r7fRrqm12kzFHyUHqHCVpMMbI=",
        "owner": "numtide",
        "repo": "flake-utils",
        "rev": "11707dc2f618dd54ca8739b309ec4fc024de578b",
        "type": "github"
      },
      "original": {
        "owner": "numtide",
        "repo": "flake-utils",
        "type": "github"
      }
    },
    "flake-utils_2": {
      "inputs": {
        "systems": [
          "mac-app-util",
          "systems"
        ]
      },
      "locked": {
        "lastModified": 1731533236,
        "narHash": "sha256-l0KFg5HjrsfsO/JpG+r7fRrqm12kzFHyUHqHCVpMMbI=",
        "owner": "numtide",
        "repo": "flake-utils",
        "rev": "11707dc2f618dd54ca8739b309ec4fc024de578b",
        "type": "github"
      },
      "original": {
        "id": "flake-utils",
        "type": "indirect"
      }
    },
    "flake-utils_3": {
      "inputs": {
        "systems": "systems_5"
      },
      "locked": {
        "lastModified": 1731533236,
        "narHash": "sha256-l0KFg5HjrsfsO/JpG+r7fRrqm12kzFHyUHqHCVpMMbI=",
        "owner": "numtide",
        "repo": "flake-utils",
        "rev": "11707dc2f618dd54ca8739b309ec4fc024de578b",
        "type": "github"
      },
      "original": {
        "owner": "numtide",
        "repo": "flake-utils",
        "type": "github"
      }
    },
    "flake-utils_4": {
      "inputs": {
        "systems": "systems_6"
      },
      "locked": {
        "lastModified": 1731533236,
        "narHash": "sha256-l0KFg5HjrsfsO/JpG+r7fRrqm12kzFHyUHqHCVpMMbI=",
        "owner": "numtide",
        "repo": "flake-utils",
        "rev": "11707dc2f618dd54ca8739b309ec4fc024de578b",
        "type": "github"
      },
      "original": {
        "owner": "numtide",
        "repo": "flake-utils",
        "type": "github"
      }
    },
    "flake-utils_5": {
      "inputs": {
        "systems": "systems_7"
      },
      "locked": {
        "lastModified": 1681202837,
        "narHash": "sha256-H+Rh19JDwRtpVPAWp64F+rlEtxUWBAQW28eAi3SRSzg=",
        "owner": "numtide",
        "repo": "flake-utils",
        "rev": "cfacdce06f30d2b68473a46042957675eebb3401",
        "type": "github"
      },
      "original": {
        "owner": "numtide",
        "repo": "flake-utils",
        "type": "github"
      }
    },
    "flake-utils_6": {
      "inputs": {
        "systems": "systems_8"
      },
      "locked": {
        "lastModified": 1731533236,
        "narHash": "sha256-l0KFg5HjrsfsO/JpG+r7fRrqm12kzFHyUHqHCVpMMbI=",
        "owner": "numtide",
        "repo": "flake-utils",
        "rev": "11707dc2f618dd54ca8739b309ec4fc024de578b",
        "type": "github"
      },
      "original": {
        "owner": "numtide",
        "repo": "flake-utils",
        "type": "github"
      }
    },
    "gateway-api-src": {
      "flake": false,
      "locked": {
        "lastModified": 1764825980,
        "narHash": "sha256-/GHyikcC2QGDN0ndpY6/xvSEEnpSsLrNU+lFElCKBs8=",
        "owner": "kubernetes-sigs",
        "repo": "gateway-api",
        "rev": "477d172e6ac5eccb82b65781ddb8f924afec4170",
        "type": "github"
      },
      "original": {
        "owner": "kubernetes-sigs",
        "ref": "v1.4.1",
        "repo": "gateway-api",
        "type": "github"
      }
    },
    "git-hooks": {
      "inputs": {
        "flake-compat": [],
        "gitignore": "gitignore",
        "nixpkgs": [
          "nixpkgs"
        ]
      },
      "locked": {
        "lastModified": 1778507602,
        "narHash": "sha256-kTwur1wV+01SdqskVMSo6JMEpg71ps3HpbFY2GsflKs=",
        "owner": "cachix",
        "repo": "git-hooks.nix",
        "rev": "61ab0e80d9c7ab14c256b5b453d8b3fb0189ba0a",
        "type": "github"
      },
      "original": {
        "owner": "cachix",
        "repo": "git-hooks.nix",
        "type": "github"
      }
    },
    "gitignore": {
      "inputs": {
        "nixpkgs": [
          "git-hooks",
          "nixpkgs"
        ]
      },
      "locked": {
        "lastModified": 1709087332,
        "narHash": "sha256-HG2cCnktfHsKV0s4XW83gU3F57gaTljL9KNSuG6bnQs=",
        "owner": "hercules-ci",
        "repo": "gitignore.nix",
        "rev": "637db329424fd7e46cf4185293b9cc8c88c95394",
        "type": "github"
      },
      "original": {
        "owner": "hercules-ci",
        "repo": "gitignore.nix",
        "type": "github"
      }
    },
    "haumea": {
      "inputs": {
        "nixpkgs": [
          "nixhelm",
          "nixpkgs"
        ]
      },
      "locked": {
        "lastModified": 1685133229,
        "narHash": "sha256-FePm/Gi9PBSNwiDFq3N+DWdfxFq0UKsVVTJS3cQPn94=",
        "owner": "nix-community",
        "repo": "haumea",
        "rev": "34dd58385092a23018748b50f9b23de6266dffc2",
        "type": "github"
      },
      "original": {
        "owner": "nix-community",
        "ref": "v0.2.2",
        "repo": "haumea",
        "type": "github"
      }
    },
    "hercules-ci-effects": {
      "inputs": {
        "flake-parts": [
          "flake-parts"
        ],
        "nixpkgs": [
          "nixpkgs"
        ]
      },
      "locked": {
        "lastModified": 1778930899,
        "narHash": "sha256-OOEWyt8ma7QAysDbiP65J7li7KIdtZfnbA11gFnwyEI=",
        "owner": "hercules-ci",
        "repo": "hercules-ci-effects",
        "rev": "af4331c44f13977b6964745454eadcfee2d244d1",
        "type": "github"
      },
      "original": {
        "owner": "hercules-ci",
        "repo": "hercules-ci-effects",
        "type": "github"
      }
    },
    "hermes-agent": {
      "inputs": {
        "flake-parts": [
          "flake-parts"
        ],
        "nixpkgs": [
          "nixpkgs"
        ],
        "npm-lockfile-fix": "npm-lockfile-fix",
        "pyproject-build-systems": "pyproject-build-systems",
        "pyproject-nix": "pyproject-nix_2",
        "uv2nix": "uv2nix_2"
      },
      "locked": {
        "lastModified": 1779212655,
        "narHash": "sha256-geZvtEoznN43AdyYBlUMa56XbWFFROjcF8sbbwA/c+o=",
        "owner": "cameronraysmith",
        "repo": "hermes-agent",
        "rev": "e85ca2baa7aa8bc98b5adb97c3cc47528b29dee7",
        "type": "github"
      },
      "original": {
        "owner": "cameronraysmith",
        "ref": "27716-pip-locales-packaging",
        "repo": "hermes-agent",
        "type": "github"
      }
    },
    "home-manager": {
      "inputs": {
        "nixpkgs": [
          "nixpkgs"
        ]
      },
      "locked": {
        "lastModified": 1780408569,
        "narHash": "sha256-s7Tv6FUQThRAvW8En8XVC6HMb0uiikzVccCcCo9u/Bg=",
        "owner": "nix-community",
        "repo": "home-manager",
        "rev": "f384af1bec6423a0d4ba1855917ab948f64e5808",
        "type": "github"
      },
      "original": {
        "owner": "nix-community",
        "repo": "home-manager",
        "type": "github"
      }
    },
    "import-tree": {
      "locked": {
        "lastModified": 1778781969,
        "narHash": "sha256-Jjuz5CmSkur8KvLDoGa+vylEp+RkQtv4mt/qcMznpH0=",
        "owner": "vic",
        "repo": "import-tree",
        "rev": "d321337efd0f23a9eb14a42adb7b2c29313ab274",
        "type": "github"
      },
      "original": {
        "owner": "vic",
        "repo": "import-tree",
        "type": "github"
      }
    },
    "lazyvim-nix": {
      "inputs": {
        "flake-utils": "flake-utils",
        "nixpkgs": [
          "nixpkgs"
        ]
      },
      "locked": {
        "lastModified": 1778894098,
        "narHash": "sha256-s0JnnN5Sf2EUS+5LZCEnnOo7w1NNBE2VTXQzMmPY5Nk=",
        "owner": "pfassina",
        "repo": "lazyvim-nix",
        "rev": "681426e14b1aac9c2df2e26701024d29abf33532",
        "type": "github"
      },
      "original": {
        "owner": "pfassina",
        "repo": "lazyvim-nix",
        "type": "github"
      }
    },
    "llm-agents": {
      "inputs": {
        "blueprint": "blueprint",
        "bun2nix": "bun2nix_2",
        "flake-parts": "flake-parts_2",
        "nixpkgs": "nixpkgs_3",
        "systems": "systems_2",
        "treefmt-nix": "treefmt-nix"
      },
      "locked": {
        "lastModified": 1780091443,
        "narHash": "sha256-YBm/4a3p93A7FmtTWBSBBNMmLqG0GWYw68VnbDajnxk=",
        "owner": "numtide",
        "repo": "llm-agents.nix",
        "rev": "c6606a018f1ecf7518f7b12a4c12f83cab4201ff",
        "type": "github"
      },
      "original": {
        "owner": "numtide",
        "repo": "llm-agents.nix",
        "type": "github"
      }
    },
    "mac-app-util": {
      "inputs": {
        "cl-nix-lite": "cl-nix-lite",
        "flake-compat": "flake-compat",
        "flake-utils": "flake-utils_2",
        "nixpkgs": [
          "nixpkgs"
        ],
        "systems": "systems_4",
        "treefmt-nix": "treefmt-nix_3"
      },
      "locked": {
        "lastModified": 1766810876,
        "narHash": "sha256-VPElWFQIiP31lXQXEom+L4sl85alZpZn33O4hewsP9k=",
        "owner": "hraban",
        "repo": "mac-app-util",
        "rev": "4747968574ea58512c5385466400b2364c85d2d0",
        "type": "github"
      },
      "original": {
        "owner": "hraban",
        "repo": "mac-app-util",
        "type": "github"
      }
    },
    "niks3": {
      "inputs": {
        "nixpkgs": [
          "nixpkgs"
        ],
        "treefmt-nix": [
          "treefmt-nix"
        ]
      },
      "locked": {
        "lastModified": 1780048298,
        "narHash": "sha256-m6dV4M2k+Y649DsJ+CN8nzk01WzXBx8YGl9O68S8LjM=",
        "owner": "Mic92",
        "repo": "niks3",
        "rev": "6a99ed756c95629d586deb8a67952a916a65ae30",
        "type": "github"
      },
      "original": {
        "owner": "Mic92",
        "repo": "niks3",
        "type": "github"
      }
    },
    "nix-darwin": {
      "inputs": {
        "nixpkgs": [
          "nixpkgs"
        ]
      },
      "locked": {
        "lastModified": 1779036909,
        "narHash": "sha256-zXcwYQGCT6pzinK+1dBB2ekTVtfxGZAapb3Evdcu4fY=",
        "owner": "nix-darwin",
        "repo": "nix-darwin",
        "rev": "56c666e108467d87d13508936aade6d567f2a501",
        "type": "github"
      },
      "original": {
        "owner": "nix-darwin",
        "repo": "nix-darwin",
        "type": "github"
      }
    },
    "nix-github-actions": {
      "inputs": {
        "nixpkgs": [
          "nix-unit",
          "nixpkgs"
        ]
      },
      "locked": {
        "lastModified": 1737420293,
        "narHash": "sha256-F1G5ifvqTpJq7fdkT34e/Jy9VCyzd5XfJ9TO8fHhJWE=",
        "owner": "nix-community",
        "repo": "nix-github-actions",
        "rev": "f4158fa080ef4503c8f4c820967d946c2af31ec9",
        "type": "github"
      },
      "original": {
        "owner": "nix-community",
        "repo": "nix-github-actions",
        "type": "github"
      }
    },
    "nix-index-database": {
      "inputs": {
        "nixpkgs": "nixpkgs_7"
      },
      "locked": {
        "lastModified": 1779604987,
        "narHash": "sha256-ZQ5z+fVhxYKtIFwtqGp5O0PD84BM1riASvqDaN5Xs+s=",
        "owner": "nix-community",
        "repo": "nix-index-database",
        "rev": "8fba98c80b48fa013820e0163c5096922fea4ddd",
        "type": "github"
      },
      "original": {
        "owner": "nix-community",
        "repo": "nix-index-database",
        "type": "github"
      }
    },
    "nix-kube-generators": {
      "locked": {
        "lastModified": 1762437901,
        "narHash": "sha256-5yuJODagAq+aMXQAT2c0gfXKLqapmA6eUHR33jKNHuU=",
        "owner": "farcaller",
        "repo": "nix-kube-generators",
        "rev": "810dcf792081790648ba9ae705b9a2286115ace8",
        "type": "github"
      },
      "original": {
        "owner": "farcaller",
        "repo": "nix-kube-generators",
        "type": "github"
      }
    },
    "nix-kube-generators_2": {
      "locked": {
        "lastModified": 1748274972,
        "narHash": "sha256-Z8Bh7Y9Rr8PPspfb5M1nNW+zdwdyt43htN1lDqiH09M=",
        "owner": "farcaller",
        "repo": "nix-kube-generators",
        "rev": "eeeaeacd7b7a2618baf08b8458f3dc4766752df8",
        "type": "github"
      },
      "original": {
        "owner": "farcaller",
        "repo": "nix-kube-generators",
        "type": "github"
      }
    },
    "nix-rosetta-builder": {
      "inputs": {
        "nixpkgs": [
          "nixpkgs"
        ]
      },
      "locked": {
        "lastModified": 1770491098,
        "narHash": "sha256-ZfhynJqgV3A9hEivcgOEZa+TZnJPc26lIUjzKsSchgI=",
        "owner": "cpick",
        "repo": "nix-rosetta-builder",
        "rev": "50e6070082e0b4fbaf67dd8f346892a1a9ed685c",
        "type": "github"
      },
      "original": {
        "owner": "cpick",
        "repo": "nix-rosetta-builder",
        "type": "github"
      }
    },
    "nix-select": {
      "locked": {
        "lastModified": 1763303120,
        "narHash": "sha256-yxcNOha7Cfv2nhVpz9ZXSNKk0R7wt4AiBklJ8D24rVg=",
        "rev": "3d1e3860bef36857a01a2ddecba7cdb0a14c35a9",
        "type": "tarball",
        "url": "https://git.clan.lol/api/v1/repos/clan/nix-select/archive/3d1e3860bef36857a01a2ddecba7cdb0a14c35a9.tar.gz"
      },
      "original": {
        "type": "tarball",
        "url": "https://git.clan.lol/clan/nix-select/archive/main.tar.gz"
      }
    },
    "nix-unit": {
      "inputs": {
        "nix-github-actions": "nix-github-actions",
        "nixpkgs": [
          "nixpkgs"
        ],
        "treefmt-nix": [
          "treefmt-nix"
        ]
      },
      "locked": {
        "lastModified": 1779338171,
        "narHash": "sha256-affUbv/bwE8SLGhuWKniDr7SVO+Lo1XEPjCZdyU5kgQ=",
        "owner": "nix-community",
        "repo": "nix-unit",
        "rev": "6ab1f232562a01d18b40d5ed6a58718c4f3a74bc",
        "type": "github"
      },
      "original": {
        "owner": "nix-community",
        "repo": "nix-unit",
        "type": "github"
      }
    },
    "nix2container": {
      "inputs": {
        "nixpkgs": [
          "nixpkgs"
        ]
      },
      "locked": {
        "lastModified": 1775487831,
        "narHash": "sha256-2lguQpLPQaxpQCJjXhmEEAfabwsAhkP29Z7fgLzHARA=",
        "owner": "nlewo",
        "repo": "nix2container",
        "rev": "76be9608a7f4d6c985d28b0e7be903ae2547df3e",
        "type": "github"
      },
      "original": {
        "owner": "nlewo",
        "repo": "nix2container",
        "type": "github"
      }
    },
    "nixhelm": {
      "inputs": {
        "flake-utils": "flake-utils_3",
        "haumea": "haumea",
        "nix-kube-generators": "nix-kube-generators",
        "nixpkgs": [
          "nixpkgs"
        ],
        "pyproject-build-systems": "pyproject-build-systems_2",
        "pyproject-nix": "pyproject-nix_4",
        "uv2nix": "uv2nix_3"
      },
      "locked": {
        "lastModified": 1780024260,
        "narHash": "sha256-/A378efUPTHd+EXv8+VgFiwQyHe3gcI2YsKno/CoQ6k=",
        "owner": "farcaller",
        "repo": "nixhelm",
        "rev": "65db806fe090ffc5555c3759dcb6a927ba35ced1",
        "type": "github"
      },
      "original": {
        "owner": "farcaller",
        "repo": "nixhelm",
        "type": "github"
      }
    },
    "nixidy": {
      "inputs": {
        "flake-utils": "flake-utils_4",
        "nix-kube-generators": "nix-kube-generators_2",
        "nixpkgs": [
          "nixpkgs"
        ]
      },
      "locked": {
        "lastModified": 1779116729,
        "narHash": "sha256-/2lY3e6O/PQQqAA3GgoZ16e56Dl8G3Ae6DBJR3z0/yk=",
        "owner": "arnarg",
        "repo": "nixidy",
        "rev": "d10e38c9c0a8e8c981f24a49045dfdc03fdafc10",
        "type": "github"
      },
      "original": {
        "owner": "arnarg",
        "repo": "nixidy",
        "type": "github"
      }
    },
    "nixpkgs": {
      "locked": {
        "lastModified": 1779786838,
        "narHash": "sha256-QvQh/2CMKcrUTHd4jBHAwyRoEC4IXzs0SjMvx5xWY64=",
        "rev": "f44f7788c891fbe5542177df78374f8cdab10e8f",
        "type": "tarball",
        "url": "https://releases.nixos.org/nixpkgs/nixpkgs-26.11pre1005282.f44f7788c891/nixexprs.tar.xz"
      },
      "original": {
        "type": "tarball",
        "url": "https://channels.nixos.org/nixpkgs-unstable/nixexprs.tar.xz"
      }
    },
    "nixpkgs-darwin-stable": {
      "locked": {
        "lastModified": 1779975975,
        "narHash": "sha256-eO9XQjFZRvRr7FKq8KT1Jx6zUb1+ZfcLuUSAnT8OF1o=",
        "rev": "4d66785aca79f0b08eb560a82672f55859af59ca",
        "type": "tarball",
        "url": "https://releases.nixos.org/nixpkgs/25.11-darwin/nixpkgs-darwin-25.11pre913300.4d66785aca79/nixexprs.tar.xz"
      },
      "original": {
        "type": "tarball",
        "url": "https://channels.nixos.org/nixpkgs-25.11-darwin/nixexprs.tar.xz"
      }
    },
    "nixpkgs-lib": {
      "locked": {
        "lastModified": 1765674936,
        "narHash": "sha256-k00uTP4JNfmejrCLJOwdObYC9jHRrr/5M/a/8L2EIdo=",
        "owner": "nix-community",
        "repo": "nixpkgs.lib",
        "rev": "2075416fcb47225d9b68ac469a5c4801a9c4dd85",
        "type": "github"
      },
      "original": {
        "owner": "nix-community",
        "repo": "nixpkgs.lib",
        "type": "github"
      }
    },
    "nixpkgs-linux-stable": {
      "locked": {
        "lastModified": 1779796641,
        "narHash": "sha256-Cy89LFmgiCxIPBxJLWTmFJHwdeLkxUUYspm5yy8wJps=",
        "rev": "25f538306313eae3927264466c70d7001dcea1df",
        "type": "tarball",
        "url": "https://releases.nixos.org/nixos/25.11/nixos-25.11.11422.25f538306313/nixexprs.tar.xz"
      },
      "original": {
        "type": "tarball",
        "url": "https://channels.nixos.org/nixos-25.11/nixexprs.tar.xz"
      }
    },
    "nixpkgs_2": {
      "locked": {
        "lastModified": 1779877693,
        "narHash": "sha256-24YGUZ9p3uLeDBGS5Nc8V7Rt5PaRg1vZ+rnfSuBW7hM=",
        "rev": "4100e830e085863741bc69b156ec4ccd53ab5be0",
        "type": "tarball",
        "url": "https://releases.nixos.org/nixpkgs/nixpkgs-26.11pre1006043.4100e830e085/nixexprs.tar.xz"
      },
      "original": {
        "type": "tarball",
        "url": "https://nixos.org/channels/nixpkgs-unstable/nixexprs.tar.xz"
      }
    },
    "nixpkgs_3": {
      "locked": {
        "lastModified": 1779955849,
        "narHash": "sha256-31mhzm2HpzRr/rupWAFfWBmt9SUjzwr5+giv5Nmb/rA=",
        "owner": "NixOS",
        "repo": "nixpkgs",
        "rev": "a2c6938835fca96e4a10c8561d461efd2f91d04f",
        "type": "github"
      },
      "original": {
        "owner": "NixOS",
        "ref": "nixos-unstable-small",
        "repo": "nixpkgs",
        "type": "github"
      }
    },
    "nixpkgs_4": {
      "locked": {
        "lastModified": 1766736597,
        "narHash": "sha256-BASnpCLodmgiVn0M1MU2Pqyoz0aHwar/0qLkp7CjvSQ=",
        "owner": "nixos",
        "repo": "nixpkgs",
        "rev": "f560ccec6b1116b22e6ed15f4c510997d99d5852",
        "type": "github"
      },
      "original": {
        "owner": "nixos",
        "ref": "nixos-25.11",
        "repo": "nixpkgs",
        "type": "github"
      }
    },
    "nixpkgs_5": {
      "locked": {
        "lastModified": 1761236834,
        "narHash": "sha256-+pthv6hrL5VLW2UqPdISGuLiUZ6SnAXdd2DdUE+fV2Q=",
        "owner": "nixos",
        "repo": "nixpkgs",
        "rev": "d5faa84122bc0a1fd5d378492efce4e289f8eac1",
        "type": "github"
      },
      "original": {
        "owner": "nixos",
        "ref": "nixpkgs-unstable",
        "repo": "nixpkgs",
        "type": "github"
      }
    },
    "nixpkgs_6": {
      "locked": {
        "lastModified": 1761236834,
        "narHash": "sha256-+pthv6hrL5VLW2UqPdISGuLiUZ6SnAXdd2DdUE+fV2Q=",
        "owner": "nixos",
        "repo": "nixpkgs",
        "rev": "d5faa84122bc0a1fd5d378492efce4e289f8eac1",
        "type": "github"
      },
      "original": {
        "owner": "nixos",
        "ref": "nixpkgs-unstable",
        "repo": "nixpkgs",
        "type": "github"
      }
    },
    "nixpkgs_7": {
      "locked": {
        "lastModified": 1779508470,
        "narHash": "sha256-Ap9KJX+5xHIn3bPIpfNgT6MEXdAECECwo4/rmlQD74M=",
        "owner": "NixOS",
        "repo": "nixpkgs",
        "rev": "29916453413845e54a65b8a1cf996842300cd299",
        "type": "github"
      },
      "original": {
        "owner": "NixOS",
        "ref": "nixos-unstable",
        "repo": "nixpkgs",
        "type": "github"
      }
    },
    "nixpkgs_8": {
      "locked": {
        "lastModified": 1778732116,
        "narHash": "sha256-OZ3nRwTZXw4xJ7Ee86Zg/+RB8AUQFUFqVmZdzwyhlPk=",
        "type": "tarball",
        "url": "https://releases.nixos.org/nixos/unstable-small/nixos-26.05pre997838.39ea44cddd50/nixexprs.tar.xz"
      },
      "original": {
        "type": "tarball",
        "url": "https://channels.nixos.org/nixos-unstable-small/nixexprs.tar.xz"
      }
    },
    "npm-lockfile-fix": {
      "inputs": {
        "nixpkgs": [
          "hermes-agent",
          "nixpkgs"
        ]
      },
      "locked": {
        "lastModified": 1775903712,
        "narHash": "sha256-2GV79U6iVH4gKAPWYrxUReB0S41ty/Y3dBLquU8AlaA=",
        "owner": "jeslie0",
        "repo": "npm-lockfile-fix",
        "rev": "c6093acb0c0548e0f9b8b3d82918823721930fe8",
        "type": "github"
      },
      "original": {
        "owner": "jeslie0",
        "repo": "npm-lockfile-fix",
        "type": "github"
      }
    },
    "nuenv": {
      "inputs": {
        "nixpkgs": [
          "nixpkgs"
        ],
        "rust-overlay": "rust-overlay"
      },
      "locked": {
        "lastModified": 1731004226,
        "narHash": "sha256-vI8qzbfU+tTXTTHaFgNQbZcT3rLwHG+XURYkSv+j3Io=",
        "owner": "hallettj",
        "repo": "nuenv",
        "rev": "2f3bf85765988e4c622694efa20ca966e9a81fe9",
        "type": "github"
      },
      "original": {
        "owner": "hallettj",
        "ref": "writeShellApplication",
        "repo": "nuenv",
        "type": "github"
      }
    },
    "pkgs-by-name-for-flake-parts": {
      "locked": {
        "lastModified": 1769286518,
        "narHash": "sha256-F7VlUICvYp2wJKyQqM6d46BNEZCzMQ6dMH9zbmjuybc=",
        "owner": "drupol",
        "repo": "pkgs-by-name-for-flake-parts",
        "rev": "7ba1cd4a9a72c9c6c272018a63f090f2c912a171",
        "type": "github"
      },
      "original": {
        "owner": "drupol",
        "repo": "pkgs-by-name-for-flake-parts",
        "type": "github"
      }
    },
    "playwright-web-flake": {
      "inputs": {
        "flake-utils": "flake-utils_6",
        "nixpkgs": [
          "nixpkgs"
        ]
      },
      "locked": {
        "lastModified": 1776795162,
        "narHash": "sha256-F4/R9j+3kEBzoYwD522FdGBADivDg6VPNs1hXcLP+ME=",
        "owner": "pietdevries94",
        "repo": "playwright-web-flake",
        "rev": "fcea924dc16d62c128fdbefcce52e26a2fd08185",
        "type": "github"
      },
      "original": {
        "owner": "pietdevries94",
        "ref": "1.59.1",
        "repo": "playwright-web-flake",
        "type": "github"
      }
    },
    "pyproject-build-systems": {
      "inputs": {
        "nixpkgs": [
          "hermes-agent",
          "nixpkgs"
        ],
        "pyproject-nix": "pyproject-nix",
        "uv2nix": "uv2nix"
      },
      "locked": {
        "lastModified": 1772555609,
        "narHash": "sha256-3BA3HnUvJSbHJAlJj6XSy0Jmu7RyP2gyB/0fL7XuEDo=",
        "owner": "pyproject-nix",
        "repo": "build-system-pkgs",
        "rev": "c37f66a953535c394244888598947679af231863",
        "type": "github"
      },
      "original": {
        "owner": "pyproject-nix",
        "repo": "build-system-pkgs",
        "type": "github"
      }
    },
    "pyproject-build-systems_2": {
      "inputs": {
        "nixpkgs": [
          "nixhelm",
          "nixpkgs"
        ],
        "pyproject-nix": [
          "nixhelm",
          "pyproject-nix"
        ],
        "uv2nix": [
          "nixhelm",
          "uv2nix"
        ]
      },
      "locked": {
        "lastModified": 1763662255,
        "narHash": "sha256-4bocaOyLa3AfiS8KrWjZQYu+IAta05u3gYZzZ6zXbT0=",
        "owner": "pyproject-nix",
        "repo": "build-system-pkgs",
        "rev": "042904167604c681a090c07eb6967b4dd4dae88c",
        "type": "github"
      },
      "original": {
        "owner": "pyproject-nix",
        "repo": "build-system-pkgs",
        "type": "github"
      }
    },
    "pyproject-nix": {
      "inputs": {
        "nixpkgs": [
          "hermes-agent",
          "pyproject-build-systems",
          "nixpkgs"
        ]
      },
      "locked": {
        "lastModified": 1769936401,
        "narHash": "sha256-kwCOegKLZJM9v/e/7cqwg1p/YjjTAukKPqmxKnAZRgA=",
        "owner": "nix-community",
        "repo": "pyproject.nix",
        "rev": "b0d513eeeebed6d45b4f2e874f9afba2021f7812",
        "type": "github"
      },
      "original": {
        "owner": "nix-community",
        "repo": "pyproject.nix",
        "type": "github"
      }
    },
    "pyproject-nix_2": {
      "inputs": {
        "nixpkgs": [
          "hermes-agent",
          "nixpkgs"
        ]
      },
      "locked": {
        "lastModified": 1772865871,
        "narHash": "sha256-/ZTSg97aouL0SlPHaokA4r3iuH9QzHVuWPACD2CUCFY=",
        "owner": "pyproject-nix",
        "repo": "pyproject.nix",
        "rev": "e537db02e72d553cea470976b9733581bcf5b3ed",
        "type": "github"
      },
      "original": {
        "owner": "pyproject-nix",
        "repo": "pyproject.nix",
        "type": "github"
      }
    },
    "pyproject-nix_3": {
      "inputs": {
        "nixpkgs": [
          "hermes-agent",
          "uv2nix",
          "nixpkgs"
        ]
      },
      "locked": {
        "lastModified": 1771518446,
        "narHash": "sha256-nFJSfD89vWTu92KyuJWDoTQJuoDuddkJV3TlOl1cOic=",
        "owner": "pyproject-nix",
        "repo": "pyproject.nix",
        "rev": "eb204c6b3335698dec6c7fc1da0ebc3c6df05937",
        "type": "github"
      },
      "original": {
        "owner": "pyproject-nix",
        "repo": "pyproject.nix",
        "type": "github"
      }
    },
    "pyproject-nix_4": {
      "inputs": {
        "nixpkgs": [
          "nixhelm",
          "nixpkgs"
        ]
      },
      "locked": {
        "lastModified": 1764134915,
        "narHash": "sha256-xaKvtPx6YAnA3HQVp5LwyYG1MaN4LLehpQI8xEdBvBY=",
        "owner": "pyproject-nix",
        "repo": "pyproject.nix",
        "rev": "2c8df1383b32e5443c921f61224b198a2282a657",
        "type": "github"
      },
      "original": {
        "owner": "pyproject-nix",
        "repo": "pyproject.nix",
        "type": "github"
      }
    },
    "root": {
      "inputs": {
        "argocd-helm-src": "argocd-helm-src",
        "argocd-src": "argocd-src",
        "buildbot-nix": "buildbot-nix",
        "bun2nix": "bun2nix",
        "catppuccin": "catppuccin",
        "cilium-src": "cilium-src",
        "clan-core": "clan-core",
        "direnv-instant": "direnv-instant",
        "disko": "disko",
        "easykubenix": "easykubenix",
        "flake-parts": "flake-parts",
        "gateway-api-src": "gateway-api-src",
        "git-hooks": "git-hooks",
        "hercules-ci-effects": "hercules-ci-effects",
        "hermes-agent": "hermes-agent",
        "home-manager": "home-manager",
        "import-tree": "import-tree",
        "lazyvim-nix": "lazyvim-nix",
        "llm-agents": "llm-agents",
        "mac-app-util": "mac-app-util",
        "niks3": "niks3",
        "nix-darwin": "nix-darwin",
        "nix-index-database": "nix-index-database",
        "nix-rosetta-builder": "nix-rosetta-builder",
        "nix-unit": "nix-unit",
        "nix2container": "nix2container",
        "nixhelm": "nixhelm",
        "nixidy": "nixidy",
        "nixpkgs": "nixpkgs_8",
        "nixpkgs-darwin-stable": "nixpkgs-darwin-stable",
        "nixpkgs-linux-stable": "nixpkgs-linux-stable",
        "nuenv": "nuenv",
        "pkgs-by-name-for-flake-parts": "pkgs-by-name-for-flake-parts",
        "playwright-web-flake": "playwright-web-flake",
        "sops-nix": "sops-nix",
        "sops-secrets-operator-src": "sops-secrets-operator-src",
        "srvos": "srvos",
        "step-ca-src": "step-ca-src",
        "systems": "systems_9",
        "terranix": "terranix",
        "treefmt-nix": "treefmt-nix_4"
      }
    },
    "rust-overlay": {
      "inputs": {
        "flake-utils": "flake-utils_5",
        "nixpkgs": [
          "nuenv",
          "nixpkgs"
        ]
      },
      "locked": {
        "lastModified": 1701397143,
        "narHash": "sha256-nYUJxZXwCWWVBYZXPgRxGDuQcZRhKTtD/Jp5Jl+9EWU=",
        "owner": "oxalica",
        "repo": "rust-overlay",
        "rev": "bb71557c93cad40f5921b2342d7fd69f9e6497ab",
        "type": "github"
      },
      "original": {
        "owner": "oxalica",
        "repo": "rust-overlay",
        "type": "github"
      }
    },
    "sops-nix": {
      "inputs": {
        "nixpkgs": [
          "nixpkgs"
        ]
      },
      "locked": {
        "lastModified": 1777944972,
        "narHash": "sha256-VfGRo1qTBKOe3s2gOv8LSoA6Fk19PvBlwQ1ECN0Evn8=",
        "owner": "Mic92",
        "repo": "sops-nix",
        "rev": "c591bf665727040c6cc5cb409079acb22dcce33c",
        "type": "github"
      },
      "original": {
        "owner": "Mic92",
        "repo": "sops-nix",
        "type": "github"
      }
    },
    "sops-secrets-operator-src": {
      "flake": false,
      "locked": {
        "lastModified": 1747307926,
        "narHash": "sha256-WiL0vWIdxaflZzdhXIt+26xPhn5EH8UtZP6nEpfUiP4=",
        "owner": "isindir",
        "repo": "sops-secrets-operator",
        "rev": "147febf336f14bb2546eec020680ce1b2a2e96f1",
        "type": "github"
      },
      "original": {
        "owner": "isindir",
        "ref": "0.16.0",
        "repo": "sops-secrets-operator",
        "type": "github"
      }
    },
    "srvos": {
      "inputs": {
        "nixpkgs": [
          "nixpkgs"
        ]
      },
      "locked": {
        "lastModified": 1779937250,
        "narHash": "sha256-IaunSf8CcW8rFUgIE9k2CdlrPbIx+RgkR7jAlliDQPw=",
        "owner": "nix-community",
        "repo": "srvos",
        "rev": "77faea4aed26379aa30304850dd0ef2b6f2dfe28",
        "type": "github"
      },
      "original": {
        "owner": "nix-community",
        "repo": "srvos",
        "type": "github"
      }
    },
    "step-ca-src": {
      "flake": false,
      "locked": {
        "lastModified": 1774331129,
        "narHash": "sha256-mCU0f3HEvNReUTCfxEVg3BHkvvfCPkTmk2YtVtlAUq8=",
        "owner": "smallstep",
        "repo": "helm-charts",
        "rev": "25ddefebb00352e97f4c3ad86916e99747aa48f9",
        "type": "github"
      },
      "original": {
        "owner": "smallstep",
        "ref": "master",
        "repo": "helm-charts",
        "type": "github"
      }
    },
    "systems": {
      "locked": {
        "lastModified": 1681028828,
        "narHash": "sha256-Vy1rq5AaRuLzOxct8nz4T6wlgyUR7zLU309k9mBC768=",
        "owner": "nix-systems",
        "repo": "default",
        "rev": "da67096a3b9bf56a91d16901293e51ba5b49a27e",
        "type": "github"
      },
      "original": {
        "owner": "nix-systems",
        "repo": "default",
        "type": "github"
      }
    },
    "systems_2": {
      "locked": {
        "lastModified": 1681028828,
        "narHash": "sha256-Vy1rq5AaRuLzOxct8nz4T6wlgyUR7zLU309k9mBC768=",
        "owner": "nix-systems",
        "repo": "default",
        "rev": "da67096a3b9bf56a91d16901293e51ba5b49a27e",
        "type": "github"
      },
      "original": {
        "owner": "nix-systems",
        "repo": "default",
        "type": "github"
      }
    },
    "systems_3": {
      "locked": {
        "lastModified": 1681028828,
        "narHash": "sha256-Vy1rq5AaRuLzOxct8nz4T6wlgyUR7zLU309k9mBC768=",
        "owner": "nix-systems",
        "repo": "default",
        "rev": "da67096a3b9bf56a91d16901293e51ba5b49a27e",
        "type": "github"
      },
      "original": {
        "owner": "nix-systems",
        "repo": "default",
        "type": "github"
      }
    },
    "systems_4": {
      "locked": {
        "lastModified": 1689347925,
        "narHash": "sha256-ozenz5bFe1UUqOn7f60HRmgc01BgTGIKZ4Xl+HbocGQ=",
        "owner": "nix-systems",
        "repo": "default-darwin",
        "rev": "2235d7e6cc29ae99878133c95e9fe5e157661ffb",
        "type": "github"
      },
      "original": {
        "owner": "nix-systems",
        "repo": "default-darwin",
        "type": "github"
      }
    },
    "systems_5": {
      "locked": {
        "lastModified": 1681028828,
        "narHash": "sha256-Vy1rq5AaRuLzOxct8nz4T6wlgyUR7zLU309k9mBC768=",
        "owner": "nix-systems",
        "repo": "default",
        "rev": "da67096a3b9bf56a91d16901293e51ba5b49a27e",
        "type": "github"
      },
      "original": {
        "owner": "nix-systems",
        "repo": "default",
        "type": "github"
      }
    },
    "systems_6": {
      "locked": {
        "lastModified": 1681028828,
        "narHash": "sha256-Vy1rq5AaRuLzOxct8nz4T6wlgyUR7zLU309k9mBC768=",
        "owner": "nix-systems",
        "repo": "default",
        "rev": "da67096a3b9bf56a91d16901293e51ba5b49a27e",
        "type": "github"
      },
      "original": {
        "owner": "nix-systems",
        "repo": "default",
        "type": "github"
      }
    },
    "systems_7": {
      "locked": {
        "lastModified": 1681028828,
        "narHash": "sha256-Vy1rq5AaRuLzOxct8nz4T6wlgyUR7zLU309k9mBC768=",
        "owner": "nix-systems",
        "repo": "default",
        "rev": "da67096a3b9bf56a91d16901293e51ba5b49a27e",
        "type": "github"
      },
      "original": {
        "owner": "nix-systems",
        "repo": "default",
        "type": "github"
      }
    },
    "systems_8": {
      "locked": {
        "lastModified": 1681028828,
        "narHash": "sha256-Vy1rq5AaRuLzOxct8nz4T6wlgyUR7zLU309k9mBC768=",
        "owner": "nix-systems",
        "repo": "default",
        "rev": "da67096a3b9bf56a91d16901293e51ba5b49a27e",
        "type": "github"
      },
      "original": {
        "owner": "nix-systems",
        "repo": "default",
        "type": "github"
      }
    },
    "systems_9": {
      "locked": {
        "lastModified": 1774449309,
        "narHash": "sha256-brhZ8DmuGtzkCYHJg4HEd602amKm89Y9ytsFZ5uWD1w=",
        "owner": "nix-systems",
        "repo": "default",
        "rev": "c29398b59d2048c4ab79345812849c9bd15e9150",
        "type": "github"
      },
      "original": {
        "owner": "nix-systems",
        "ref": "future-26.11",
        "repo": "default",
        "type": "github"
      }
    },
    "terranix": {
      "inputs": {
        "flake-parts": [
          "flake-parts"
        ],
        "nixpkgs": [
          "nixpkgs"
        ],
        "systems": [
          "systems"
        ]
      },
      "locked": {
        "lastModified": 1779965098,
        "narHash": "sha256-Jh0Zk+g0pEbNopADEtqvrnhrl83rlNFHpn3Zhz4s+VM=",
        "owner": "terranix",
        "repo": "terranix",
        "rev": "36ed5bdee452978d0e9c4450de872483ab541006",
        "type": "github"
      },
      "original": {
        "owner": "terranix",
        "repo": "terranix",
        "type": "github"
      }
    },
    "treefmt-nix": {
      "inputs": {
        "nixpkgs": [
          "llm-agents",
          "nixpkgs"
        ]
      },
      "locked": {
        "lastModified": 1775636079,
        "narHash": "sha256-pc20NRoMdiar8oPQceQT47UUZMBTiMdUuWrYu2obUP0=",
        "owner": "numtide",
        "repo": "treefmt-nix",
        "rev": "790751ff7fd3801feeaf96d7dc416a8d581265ba",
        "type": "github"
      },
      "original": {
        "owner": "numtide",
        "repo": "treefmt-nix",
        "type": "github"
      }
    },
    "treefmt-nix_2": {
      "inputs": {
        "nixpkgs": "nixpkgs_5"
      },
      "locked": {
        "lastModified": 1766000401,
        "narHash": "sha256-+cqN4PJz9y0JQXfAK5J1drd0U05D5fcAGhzhfVrDlsI=",
        "owner": "numtide",
        "repo": "treefmt-nix",
        "rev": "42d96e75aa56a3f70cab7e7dc4a32868db28e8fd",
        "type": "github"
      },
      "original": {
        "owner": "numtide",
        "repo": "treefmt-nix",
        "type": "github"
      }
    },
    "treefmt-nix_3": {
      "inputs": {
        "nixpkgs": "nixpkgs_6"
      },
      "locked": {
        "lastModified": 1766000401,
        "narHash": "sha256-+cqN4PJz9y0JQXfAK5J1drd0U05D5fcAGhzhfVrDlsI=",
        "owner": "numtide",
        "repo": "treefmt-nix",
        "rev": "42d96e75aa56a3f70cab7e7dc4a32868db28e8fd",
        "type": "github"
      },
      "original": {
        "owner": "numtide",
        "repo": "treefmt-nix",
        "type": "github"
      }
    },
    "treefmt-nix_4": {
      "inputs": {
        "nixpkgs": [
          "nixpkgs"
        ]
      },
      "locked": {
        "lastModified": 1775636079,
        "narHash": "sha256-pc20NRoMdiar8oPQceQT47UUZMBTiMdUuWrYu2obUP0=",
        "owner": "numtide",
        "repo": "treefmt-nix",
        "rev": "790751ff7fd3801feeaf96d7dc416a8d581265ba",
        "type": "github"
      },
      "original": {
        "owner": "numtide",
        "repo": "treefmt-nix",
        "type": "github"
      }
    },
    "uv2nix": {
      "inputs": {
        "nixpkgs": [
          "hermes-agent",
          "pyproject-build-systems",
          "nixpkgs"
        ],
        "pyproject-nix": [
          "hermes-agent",
          "pyproject-build-systems",
          "pyproject-nix"
        ]
      },
      "locked": {
        "lastModified": 1770770348,
        "narHash": "sha256-A2GzkmzdYvdgmMEu5yxW+xhossP+txrYb7RuzRaqhlg=",
        "owner": "pyproject-nix",
        "repo": "uv2nix",
        "rev": "5d1b2cb4fe3158043fbafbbe2e46238abbc954b0",
        "type": "github"
      },
      "original": {
        "owner": "pyproject-nix",
        "repo": "uv2nix",
        "type": "github"
      }
    },
    "uv2nix_2": {
      "inputs": {
        "nixpkgs": [
          "hermes-agent",
          "nixpkgs"
        ],
        "pyproject-nix": "pyproject-nix_3"
      },
      "locked": {
        "lastModified": 1773039484,
        "narHash": "sha256-+boo33KYkJDw9KItpeEXXv8+65f7hHv/earxpcyzQ0I=",
        "owner": "pyproject-nix",
        "repo": "uv2nix",
        "rev": "b68be7cfeacbed9a3fa38a2b5adc0cfb81d9bb1f",
        "type": "github"
      },
      "original": {
        "owner": "pyproject-nix",
        "repo": "uv2nix",
        "type": "github"
      }
    },
    "uv2nix_3": {
      "inputs": {
        "nixpkgs": [
          "nixhelm",
          "nixpkgs"
        ],
        "pyproject-nix": [
          "nixhelm",
          "pyproject-nix"
        ]
      },
      "locked": {
        "lastModified": 1767701098,
        "narHash": "sha256-CJhKZnWb3gumR9oTRjFvCg/6lYTGbZRU7xtvcyWIRwU=",
        "owner": "pyproject-nix",
        "repo": "uv2nix",
        "rev": "9d357f0d2ce6f5f35ec7959d7e704452352eb4da",
        "type": "github"
      },
      "original": {
        "owner": "pyproject-nix",
        "repo": "uv2nix",
        "type": "github"
      }
    }
  },
  "root": "root",
  "version": 7
}
