lockfile_version: '1'
generated_at: '2026-07-08T17:42:11.727617+00:00'
apm_version: 0.24.0
dependencies:
- repo_url: mattpocock/skills
  name: mattpocock-skills
  host: github.com
  resolved_commit: d574778f94cf620fcc8ce741584093bc650a61d3
  resolved_ref: d574778f94cf620fcc8ce741584093bc650a61d3
  version: d574778
  package_type: marketplace_plugin
  content_hash: sha256:3a26aa108d8b0b740315c7e62921597f2cc2c99412e63c1f8b3d4c403a5e30b8
- repo_url: obra/superpowers
  name: superpowers
  host: github.com
  resolved_commit: f268f7c953744036f0fa7e9d4b73535c04e57cb8
  resolved_ref: f268f7c953744036f0fa7e9d4b73535c04e57cb8
  version: 6.1.0
  package_type: marketplace_plugin
  content_hash: sha256:80b2465c39c33ef93b5a1ee1a95ed4158dcc2a78440108d676072c4d7c083aa8
  declared_license: MIT
- repo_url: srid/agency
  name: agency
  host: github.com
  resolved_commit: 81455051ccca654c57ad6088838c85e7248ac159
  resolved_ref: 81455051ccca654c57ad6088838c85e7248ac159
  version: 1.0.0
  package_type: apm_package
  content_hash: sha256:e2144eca9c2932044bde96b74db5a546a2cec052f747be926abfc638ab684db9
  skill_subset:
  - fact-check
  - hickey
  - lowy
  declared_license: MIT
