lockfile_version: '1'
generated_at: '2026-06-30T21:16:19.563979+00:00'
apm_version: 0.23.0
dependencies:
- repo_url: obra/superpowers
  name: superpowers
  host: github.com
  resolved_commit: f268f7c953744036f0fa7e9d4b73535c04e57cb8
  resolved_ref: f268f7c953744036f0fa7e9d4b73535c04e57cb8
  version: 6.1.0
  package_type: marketplace_plugin
  content_hash: sha256:80b2465c39c33ef93b5a1ee1a95ed4158dcc2a78440108d676072c4d7c083aa8
  declared_license: MIT
